
Microsoft Visual Studio Solution File, Format Version 12.00
# Visual Studio 15
VisualStudioVersion = 15.0.26124.0
MinimumVisualStudioVersion = 15.0.26124.0
Project("{FAE04EC0-301F-11D3-BF4B-00C04F79EFBC}") = "Tailspin.SpaceGame.Web.Models", "Tailspin.SpaceGame.Web.Models\Tailspin.SpaceGame.Web.Models.csproj", "{F7751BC6-9F5B-4BC4-B179-90B6817BF6B0}"
EndProject
Global
	GlobalSection(SolutionConfigurationPlatforms) = preSolution
		Debug|Any CPU = Debug|Any CPU
		Debug|x64 = Debug|x64
		Debug|x86 = Debug|x86
		Release|Any CPU = Release|Any CPU
		Release|x64 = Release|x64
		Release|x86 = Release|x86
	EndGlobalSection
	GlobalSection(SolutionProperties) = preSolution
		HideSolutionNode = FALSE
	EndGlobalSection
	GlobalSection(ProjectConfigurationPlatforms) = postSolution
		{F7751BC6-9F5B-4BC4-B179-90B6817BF6B0}.Debug|Any CPU.ActiveCfg = Debug|Any CPU
		{F7751BC6-9F5B-4BC4-B179-90B6817BF6B0}.Debug|Any CPU.Build.0 = Debug|Any CPU
		{F7751BC6-9F5B-4BC4-B179-90B6817BF6B0}.Debug|x64.ActiveCfg = Debug|Any CPU
		{F7751BC6-9F5B-4BC4-B179-90B6817BF6B0}.Debug|x64.Build.0 = Debug|Any CPU
		{F7751BC6-9F5B-4BC4-B179-90B6817BF6B0}.Debug|x86.ActiveCfg = Debug|Any CPU
		{F7751BC6-9F5B-4BC4-B179-90B6817BF6B0}.Debug|x86.Build.0 = Debug|Any CPU
		{F7751BC6-9F5B-4BC4-B179-90B6817BF6B0}.Release|Any CPU.ActiveCfg = Release|Any CPU
		{F7751BC6-9F5B-4BC4-B179-90B6817BF6B0}.Release|Any CPU.Build.0 = Release|Any CPU
		{F7751BC6-9F5B-4BC4-B179-90B6817BF6B0}.Release|x64.ActiveCfg = Release|Any CPU
		{F7751BC6-9F5B-4BC4-B179-90B6817BF6B0}.Release|x64.Build.0 = Release|Any CPU
		{F7751BC6-9F5B-4BC4-B179-90B6817BF6B0}.Release|x86.ActiveCfg = Release|Any CPU
		{F7751BC6-9F5B-4BC4-B179-90B6817BF6B0}.Release|x86.Build.0 = Release|Any CPU
	EndGlobalSection
EndGlobal

using System.Text.Json.Serialization;

namespace TailSpin.SpaceGame.Web.Models
{
    public class Score : Model
    {
        // The ID of the player profile associated with this score.
        [JsonPropertyName("profileId")]
        public string ProfileId { get; set; }

        // The score value.
        [JsonPropertyName("score")]
        public int HighScore { get; set; }

        // The game mode the score is associated with.
        [JsonPropertyName("gameMode")]
        public string GameMode { get; set; }

        // The game region (map) the score is associated with.
        [JsonPropertyName("gameRegion")]
        public string GameRegion { get; set; }

        // The game style (difficulty) the score is associated with.
        [JsonPropertyName("gameStyle")]
        public string GameStyle { get; set; }
    }
}
